
Microsoft Visual Studio Solution File, Format Version 12.00
# Visual Studio Version 16
VisualStudioVersion = 16.0.30517.126
MinimumVisualStudioVersion = 10.0.40219.1
Project("{9A19103F-16F7-4668-BE54-9A1E7A4F7556}") = "ContactDemo.API", "ContactDemo.API\ContactDemo.API.csproj", "{2C8990C6-A06A-4D3D-B834-F4195A7237C2}"
EndProject
Project("{FAE04EC0-301F-11D3-BF4B-00C04F79EFBC}") = "ContactDemo.API.Test", "ContactDemo.API.Test\ContactDemo.API.Test.csproj", "{AF37FEBA-E705-4CE6-AD80-1478A9A2E195}"
EndProject
Global
	GlobalSection(SolutionConfigurationPlatforms) = preSolution
		Debug|Any CPU = Debug|Any CPU
		Release|Any CPU = Release|Any CPU
	EndGlobalSection
	GlobalSection(ProjectConfigurationPlatforms) = postSolution
		{2C8990C6-A06A-4D3D-B834-F4195A7237C2}.Debug|Any CPU.ActiveCfg = Debug|Any CPU
		{2C8990C6-A06A-4D3D-B834-F4195A7237C2}.Debug|Any CPU.Build.0 = Debug|Any CPU
		{2C8990C6-A06A-4D3D-B834-F4195A7237C2}.Release|Any CPU.ActiveCfg = Release|Any CPU
		{2C8990C6-A06A-4D3D-B834-F4195A7237C2}.Release|Any CPU.Build.0 = Release|Any CPU
		{AF37FEBA-E705-4CE6-AD80-1478A9A2E195}.Debug|Any CPU.ActiveCfg = Debug|Any CPU
		{AF37FEBA-E705-4CE6-AD80-1478A9A2E195}.Debug|Any CPU.Build.0 = Debug|Any CPU
		{AF37FEBA-E705-4CE6-AD80-1478A9A2E195}.Release|Any CPU.ActiveCfg = Release|Any CPU
		{AF37FEBA-E705-4CE6-AD80-1478A9A2E195}.Release|Any CPU.Build.0 = Release|Any CPU
	EndGlobalSection
	GlobalSection(SolutionProperties) = preSolution
		HideSolutionNode = FALSE
	EndGlobalSection
	GlobalSection(ExtensibilityGlobals) = postSolution
		SolutionGuid = {73D629A1-D424-4E04-87EB-9331CE3E243A}
	EndGlobalSection
EndGlobal
